// !$*UTF8*$!
{
	archiveVersion = 1;
	classes = {
	};
	objectVersion = 55;
	objects = {

/* Begin PBXBuildFile section */
		3DA74F5C2742495300A112BA /* main.c in Sources */ = {isa = PBXBuildFile; fileRef = 3DA74F5B2742495300A112BA /* main.c */; };
		3DA74F692742496400A112BA /* main.c in Sources */ = {isa = PBXBuildFile; fileRef = 3DA74F682742496400A112BA /* main.c */; };
		3DA74F7427424DDC00A112BA /* main.c in Sources */ = {isa = PBXBuildFile; fileRef = 3DA74F7327424DDC00A112BA /* main.c */; };
		3DA74F7F2742527100A112BA /* main.c in Sources */ = {isa = PBXBuildFile; fileRef = 3DA74F7E2742527100A112BA /* main.c */; };
		3DA74F8A2742536A00A112BA /* main.c in Sources */ = {isa = PBXBuildFile; fileRef = 3DA74F892742536A00A112BA /* main.c */; };
		3DA74F95274255C200A112BA /* main.c in Sources */ = {isa = PBXBuildFile; fileRef = 3DA74F94274255C200A112BA /* main.c */; };
		3DA74FA0274259FE00A112BA /* main.c in Sources */ = {isa = PBXBuildFile; fileRef = 3DA74F9F274259FE00A112BA /* main.c */; };
		3DA74FAB274261C900A112BA /* main.c in Sources */ = {isa = PBXBuildFile; fileRef = 3DA74FAA274261C900A112BA /* main.c */; };
/* End PBXBuildFile section */

/* Begin PBXCopyFilesBuildPhase section */
		3DA74F562742495300A112BA /* CopyFiles */ = {
			isa = PBXCopyFilesBuildPhase;
			buildActionMask = 2147483647;
			dstPath = /usr/share/man/man1/;
			dstSubfolderSpec = 0;
			files = (
			);
			runOnlyForDeploymentPostprocessing = 1;
		};
		3DA74F642742496400A112BA /* CopyFiles */ = {
			isa = PBXCopyFilesBuildPhase;
			buildActionMask = 2147483647;
			dstPath = /usr/share/man/man1/;
			dstSubfolderSpec = 0;
			files = (
			);
			runOnlyForDeploymentPostprocessing = 1;
		};
		3DA74F6F27424DDC00A112BA /* CopyFiles */ = {
			isa = PBXCopyFilesBuildPhase;
			buildActionMask = 2147483647;
			dstPath = /usr/share/man/man1/;
			dstSubfolderSpec = 0;
			files = (
			);
			runOnlyForDeploymentPostprocessing = 1;
		};
		3DA74F7A2742527100A112BA /* CopyFiles */ = {
			isa = PBXCopyFilesBuildPhase;
			buildActionMask = 2147483647;
			dstPath = /usr/share/man/man1/;
			dstSubfolderSpec = 0;
			files = (
			);
			runOnlyForDeploymentPostprocessing = 1;
		};
		3DA74F852742536A00A112BA /* CopyFiles */ = {
			isa = PBXCopyFilesBuildPhase;
			buildActionMask = 2147483647;
			dstPath = /usr/share/man/man1/;
			dstSubfolderSpec = 0;
			files = (
			);
			runOnlyForDeploymentPostprocessing = 1;
		};
		3DA74F90274255C200A112BA /* CopyFiles */ = {
			isa = PBXCopyFilesBuildPhase;
			buildActionMask = 2147483647;
			dstPath = /usr/share/man/man1/;
			dstSubfolderSpec = 0;
			files = (
			);
			runOnlyForDeploymentPostprocessing = 1;
		};
		3DA74F9B274259FE00A112BA /* CopyFiles */ = {
			isa = PBXCopyFilesBuildPhase;
			buildActionMask = 2147483647;
			dstPath = /usr/share/man/man1/;
			dstSubfolderSpec = 0;
			files = (
			);
			runOnlyForDeploymentPostprocessing = 1;
		};
		3DA74FA6274261C900A112BA /* CopyFiles */ = {
			isa = PBXCopyFilesBuildPhase;
			buildActionMask = 2147483647;
			dstPath = /usr/share/man/man1/;
			dstSubfolderSpec = 0;
			files = (
			);
			runOnlyForDeploymentPostprocessing = 1;
		};
/* End PBXCopyFilesBuildPhase section */

/* Begin PBXFileReference section */
		3DA74F582742495300A112BA /* prog_20211118 */ = {isa = PBXFileReference; explicitFileType = "compiled.mach-o.executable"; includeInIndex = 0; path = prog_20211118; sourceTree = BUILT_PRODUCTS_DIR; };
		3DA74F5B2742495300A112BA /* main.c */ = {isa = PBXFileReference; lastKnownFileType = sourcecode.c.c; path = main.c; sourceTree = "<group>"; };
		3DA74F662742496400A112BA /* prog01 */ = {isa = PBXFileReference; explicitFileType = "compiled.mach-o.executable"; includeInIndex = 0; path = prog01; sourceTree = BUILT_PRODUCTS_DIR; };
		3DA74F682742496400A112BA /* main.c */ = {isa = PBXFileReference; lastKnownFileType = sourcecode.c.c; path = main.c; sourceTree = "<group>"; };
		3DA74F7127424DDC00A112BA /* prog02 */ = {isa = PBXFileReference; explicitFileType = "compiled.mach-o.executable"; includeInIndex = 0; path = prog02; sourceTree = BUILT_PRODUCTS_DIR; };
		3DA74F7327424DDC00A112BA /* main.c */ = {isa = PBXFileReference; lastKnownFileType = sourcecode.c.c; path = main.c; sourceTree = "<group>"; };
		3DA74F7C2742527100A112BA /* prog03 */ = {isa = PBXFileReference; explicitFileType = "compiled.mach-o.executable"; includeInIndex = 0; path = prog03; sourceTree = BUILT_PRODUCTS_DIR; };
		3DA74F7E2742527100A112BA /* main.c */ = {isa = PBXFileReference; lastKnownFileType = sourcecode.c.c; path = main.c; sourceTree = "<group>"; };
		3DA74F872742536A00A112BA /* prog04 */ = {isa = PBXFileReference; explicitFileType = "compiled.mach-o.executable"; includeInIndex = 0; path = prog04; sourceTree = BUILT_PRODUCTS_DIR; };
		3DA74F892742536A00A112BA /* main.c */ = {isa = PBXFileReference; lastKnownFileType = sourcecode.c.c; path = main.c; sourceTree = "<group>"; };
		3DA74F92274255C200A112BA /* prog05 */ = {isa = PBXFileReference; explicitFileType = "compiled.mach-o.executable"; includeInIndex = 0; path = prog05; sourceTree = BUILT_PRODUCTS_DIR; };
		3DA74F94274255C200A112BA /* main.c */ = {isa = PBXFileReference; lastKnownFileType = sourcecode.c.c; path = main.c; sourceTree = "<group>"; };
		3DA74F9D274259FE00A112BA /* prog06 */ = {isa = PBXFileReference; explicitFileType = "compiled.mach-o.executable"; includeInIndex = 0; path = prog06; sourceTree = BUILT_PRODUCTS_DIR; };
		3DA74F9F274259FE00A112BA /* main.c */ = {isa = PBXFileReference; lastKnownFileType = sourcecode.c.c; path = main.c; sourceTree = "<group>"; };
		3DA74FA8274261C900A112BA /* prog07 */ = {isa = PBXFileReference; explicitFileType = "compiled.mach-o.executable"; includeInIndex = 0; path = prog07; sourceTree = BUILT_PRODUCTS_DIR; };
		3DA74FAA274261C900A112BA /* main.c */ = {isa = PBXFileReference; lastKnownFileType = sourcecode.c.c; path = main.c; sourceTree = "<group>"; };
/* End PBXFileReference section */

/* Begin PBXFrameworksBuildPhase section */
		3DA74F552742495300A112BA /* Frameworks */ = {
			isa = PBXFrameworksBuildPhase;
			buildActionMask = 2147483647;
			files = (
			);
			runOnlyForDeploymentPostprocessing = 0;
		};
		3DA74F632742496400A112BA /* Frameworks */ = {
			isa = PBXFrameworksBuildPhase;
			buildActionMask = 2147483647;
			files = (
			);
			runOnlyForDeploymentPostprocessing = 0;
		};
		3DA74F6E27424DDC00A112BA /* Frameworks */ = {
			isa = PBXFrameworksBuildPhase;
			buildActionMask = 2147483647;
			files = (
			);
			runOnlyForDeploymentPostprocessing = 0;
		};
		3DA74F792742527100A112BA /* Frameworks */ = {
			isa = PBXFrameworksBuildPhase;
			buildActionMask = 2147483647;
			files = (
			);
			runOnlyForDeploymentPostprocessing = 0;
		};
		3DA74F842742536A00A112BA /* Frameworks */ = {
			isa = PBXFrameworksBuildPhase;
			buildActionMask = 2147483647;
			files = (
			);
			runOnlyForDeploymentPostprocessing = 0;
		};
		3DA74F8F274255C200A112BA /* Frameworks */ = {
			isa = PBXFrameworksBuildPhase;
			buildActionMask = 2147483647;
			files = (
			);
			runOnlyForDeploymentPostprocessing = 0;
		};
		3DA74F9A274259FE00A112BA /* Frameworks */ = {
			isa = PBXFrameworksBuildPhase;
			buildActionMask = 2147483647;
			files = (
			);
			runOnlyForDeploymentPostprocessing = 0;
		};
		3DA74FA5274261C900A112BA /* Frameworks */ = {
			isa = PBXFrameworksBuildPhase;
			buildActionMask = 2147483647;
			files = (
			);
			runOnlyForDeploymentPostprocessing = 0;
		};
/* End PBXFrameworksBuildPhase section */

/* Begin PBXGroup section */
		3DA74F4F2742495300A112BA = {
			isa = PBXGroup;
			children = (
				3DA74F5A2742495300A112BA /* prog_20211118 */,
				3DA74F672742496400A112BA /* prog01 */,
				3DA74F7227424DDC00A112BA /* prog02 */,
				3DA74F7D2742527100A112BA /* prog03 */,
				3DA74F882742536A00A112BA /* prog04 */,
				3DA74F93274255C200A112BA /* prog05 */,
				3DA74F9E274259FE00A112BA /* prog06 */,
				3DA74FA9274261C900A112BA /* prog07 */,
				3DA74F592742495300A112BA /* Products */,
			);
			sourceTree = "<group>";
		};
		3DA74F592742495300A112BA /* Products */ = {
			isa = PBXGroup;
			children = (
				3DA74F582742495300A112BA /* prog_20211118 */,
				3DA74F662742496400A112BA /* prog01 */,
				3DA74F7127424DDC00A112BA /* prog02 */,
				3DA74F7C2742527100A112BA /* prog03 */,
				3DA74F872742536A00A112BA /* prog04 */,
				3DA74F92274255C200A112BA /* prog05 */,
				3DA74F9D274259FE00A112BA /* prog06 */,
				3DA74FA8274261C900A112BA /* prog07 */,
			);
			name = Products;
			sourceTree = "<group>";
		};
		3DA74F5A2742495300A112BA /* prog_20211118 */ = {
			isa = PBXGroup;
			children = (
				3DA74F5B2742495300A112BA /* main.c */,
			);
			path = prog_20211118;
			sourceTree = "<group>";
		};
		3DA74F672742496400A112BA /* prog01 */ = {
			isa = PBXGroup;
			children = (
				3DA74F682742496400A112BA /* main.c */,
			);
			path = prog01;
			sourceTree = "<group>";
		};
		3DA74F7227424DDC00A112BA /* prog02 */ = {
			isa = PBXGroup;
			children = (
				3DA74F7327424DDC00A112BA /* main.c */,
			);
			path = prog02;
			sourceTree = "<group>";
		};
		3DA74F7D2742527100A112BA /* prog03 */ = {
			isa = PBXGroup;
			children = (
				3DA74F7E2742527100A112BA /* main.c */,
			);
			path = prog03;
			sourceTree = "<group>";
		};
		3DA74F882742536A00A112BA /* prog04 */ = {
			isa = PBXGroup;
			children = (
				3DA74F892742536A00A112BA /* main.c */,
			);
			path = prog04;
			sourceTree = "<group>";
		};
		3DA74F93274255C200A112BA /* prog05 */ = {
			isa = PBXGroup;
			children = (
				3DA74F94274255C200A112BA /* main.c */,
			);
			path = prog05;
			sourceTree = "<group>";
		};
		3DA74F9E274259FE00A112BA /* prog06 */ = {
			isa = PBXGroup;
			children = (
				3DA74F9F274259FE00A112BA /* main.c */,
			);
			path = prog06;
			sourceTree = "<group>";
		};
		3DA74FA9274261C900A112BA /* prog07 */ = {
			isa = PBXGroup;
			children = (
				3DA74FAA274261C900A112BA /* main.c */,
			);
			path = prog07;
			sourceTree = "<group>";
		};
/* End PBXGroup section */

/* Begin PBXNativeTarget section */
		3DA74F572742495300A112BA /* prog_20211118 */ = {
			isa = PBXNativeTarget;
			buildConfigurationList = 3DA74F5F2742495300A112BA /* Build configuration list for PBXNativeTarget "prog_20211118" */;
			buildPhases = (
				3DA74F542742495300A112BA /* Sources */,
				3DA74F552742495300A112BA /* Frameworks */,
				3DA74F562742495300A112BA /* CopyFiles */,
			);
			buildRules = (
			);
			dependencies = (
			);
			name = prog_20211118;
			productName = prog_20211118;
			productReference = 3DA74F582742495300A112BA /* prog_20211118 */;
			productType = "com.apple.product-type.tool";
		};
		3DA74F652742496400A112BA /* prog01 */ = {
			isa = PBXNativeTarget;
			buildConfigurationList = 3DA74F6A2742496400A112BA /* Build configuration list for PBXNativeTarget "prog01" */;
			buildPhases = (
				3DA74F622742496400A112BA /* Sources */,
				3DA74F632742496400A112BA /* Frameworks */,
				3DA74F642742496400A112BA /* CopyFiles */,
			);
			buildRules = (
			);
			dependencies = (
			);
			name = prog01;
			productName = prog01;
			productReference = 3DA74F662742496400A112BA /* prog01 */;
			productType = "com.apple.product-type.tool";
		};
		3DA74F7027424DDC00A112BA /* prog02 */ = {
			isa = PBXNativeTarget;
			buildConfigurationList = 3DA74F7527424DDC00A112BA /* Build configuration list for PBXNativeTarget "prog02" */;
			buildPhases = (
				3DA74F6D27424DDC00A112BA /* Sources */,
				3DA74F6E27424DDC00A112BA /* Frameworks */,
				3DA74F6F27424DDC00A112BA /* CopyFiles */,
			);
			buildRules = (
			);
			dependencies = (
			);
			name = prog02;
			productName = prog02;
			productReference = 3DA74F7127424DDC00A112BA /* prog02 */;
			productType = "com.apple.product-type.tool";
		};
		3DA74F7B2742527100A112BA /* prog03 */ = {
			isa = PBXNativeTarget;
			buildConfigurationList = 3DA74F802742527100A112BA /* Build configuration list for PBXNativeTarget "prog03" */;
			buildPhases = (
				3DA74F782742527100A112BA /* Sources */,
				3DA74F792742527100A112BA /* Frameworks */,
				3DA74F7A2742527100A112BA /* CopyFiles */,
			);
			buildRules = (
			);
			dependencies = (
			);
			name = prog03;
			productName = prog03;
			productReference = 3DA74F7C2742527100A112BA /* prog03 */;
			productType = "com.apple.product-type.tool";
		};
		3DA74F862742536A00A112BA /* prog04 */ = {
			isa = PBXNativeTarget;
			buildConfigurationList = 3DA74F8B2742536A00A112BA /* Build configuration list for PBXNativeTarget "prog04" */;
			buildPhases = (
				3DA74F832742536A00A112BA /* Sources */,
				3DA74F842742536A00A112BA /* Frameworks */,
				3DA74F852742536A00A112BA /* CopyFiles */,
			);
			buildRules = (
			);
			dependencies = (
			);
			name = prog04;
			productName = prog04;
			productReference = 3DA74F872742536A00A112BA /* prog04 */;
			productType = "com.apple.product-type.tool";
		};
		3DA74F91274255C200A112BA /* prog05 */ = {
			isa = PBXNativeTarget;
			buildConfigurationList = 3DA74F96274255C200A112BA /* Build configuration list for PBXNativeTarget "prog05" */;
			buildPhases = (
				3DA74F8E274255C200A112BA /* Sources */,
				3DA74F8F274255C200A112BA /* Frameworks */,
				3DA74F90274255C200A112BA /* CopyFiles */,
			);
			buildRules = (
			);
			dependencies = (
			);
			name = prog05;
			productName = prog05;
			productReference = 3DA74F92274255C200A112BA /* prog05 */;
			productType = "com.apple.product-type.tool";
		};
		3DA74F9C274259FE00A112BA /* prog06 */ = {
			isa = PBXNativeTarget;
			buildConfigurationList = 3DA74FA1274259FE00A112BA /* Build configuration list for PBXNativeTarget "prog06" */;
			buildPhases = (
				3DA74F99274259FE00A112BA /* Sources */,
				3DA74F9A274259FE00A112BA /* Frameworks */,
				3DA74F9B274259FE00A112BA /* CopyFiles */,
			);
			buildRules = (
			);
			dependencies = (
			);
			name = prog06;
			productName = prog06;
			productReference = 3DA74F9D274259FE00A112BA /* prog06 */;
			productType = "com.apple.product-type.tool";
		};
		3DA74FA7274261C900A112BA /* prog07 */ = {
			isa = PBXNativeTarget;
			buildConfigurationList = 3DA74FAC274261C900A112BA /* Build configuration list for PBXNativeTarget "prog07" */;
			buildPhases = (
				3DA74FA4274261C900A112BA /* Sources */,
				3DA74FA5274261C900A112BA /* Frameworks */,
				3DA74FA6274261C900A112BA /* CopyFiles */,
			);
			buildRules = (
			);
			dependencies = (
			);
			name = prog07;
			productName = prog07;
			productReference = 3DA74FA8274261C900A112BA /* prog07 */;
			productType = "com.apple.product-type.tool";
		};
/* End PBXNativeTarget section */

/* Begin PBXProject section */
		3DA74F502742495300A112BA /* Project object */ = {
			isa = PBXProject;
			attributes = {
				BuildIndependentTargetsInParallel = 1;
				LastUpgradeCheck = 1310;
				TargetAttributes = {
					3DA74F572742495300A112BA = {
						CreatedOnToolsVersion = 13.1;
					};
					3DA74F652742496400A112BA = {
						CreatedOnToolsVersion = 13.1;
					};
					3DA74F7027424DDC00A112BA = {
						CreatedOnToolsVersion = 13.1;
					};
					3DA74F7B2742527100A112BA = {
						CreatedOnToolsVersion = 13.1;
					};
					3DA74F862742536A00A112BA = {
						CreatedOnToolsVersion = 13.1;
					};
					3DA74F91274255C200A112BA = {
						CreatedOnToolsVersion = 13.1;
					};
					3DA74F9C274259FE00A112BA = {
						CreatedOnToolsVersion = 13.1;
					};
					3DA74FA7274261C900A112BA = {
						CreatedOnToolsVersion = 13.1;
					};
				};
			};
			buildConfigurationList = 3DA74F532742495300A112BA /* Build configuration list for PBXProject "prog_20211118" */;
			compatibilityVersion = "Xcode 13.0";
			developmentRegion = en;
			hasScannedForEncodings = 0;
			knownRegions = (
				en,
				Base,
			);
			mainGroup = 3DA74F4F2742495300A112BA;
			productRefGroup = 3DA74F592742495300A112BA /* Products */;
			projectDirPath = "";
			projectRoot = "";
			targets = (
				3DA74F572742495300A112BA /* prog_20211118 */,
				3DA74F652742496400A112BA /* prog01 */,
				3DA74F7027424DDC00A112BA /* prog02 */,
				3DA74F7B2742527100A112BA /* prog03 */,
				3DA74F862742536A00A112BA /* prog04 */,
				3DA74F91274255C200A112BA /* prog05 */,
				3DA74F9C274259FE00A112BA /* prog06 */,
				3DA74FA7274261C900A112BA /* prog07 */,
			);
		};
/* End PBXProject section */

/* Begin PBXSourcesBuildPhase section */
		3DA74F542742495300A112BA /* Sources */ = {
			isa = PBXSourcesBuildPhase;
			buildActionMask = 2147483647;
			files = (
				3DA74F5C2742495300A112BA /* main.c in Sources */,
			);
			runOnlyForDeploymentPostprocessing = 0;
		};
		3DA74F622742496400A112BA /* Sources */ = {
			isa = PBXSourcesBuildPhase;
			buildActionMask = 2147483647;
			files = (
				3DA74F692742496400A112BA /* main.c in Sources */,
			);
			runOnlyForDeploymentPostprocessing = 0;
		};
		3DA74F6D27424DDC00A112BA /* Sources */ = {
			isa = PBXSourcesBuildPhase;
			buildActionMask = 2147483647;
			files = (
				3DA74F7427424DDC00A112BA /* main.c in Sources */,
			);
			runOnlyForDeploymentPostprocessing = 0;
		};
		3DA74F782742527100A112BA /* Sources */ = {
			isa = PBXSourcesBuildPhase;
			buildActionMask = 2147483647;
			files = (
				3DA74F7F2742527100A112BA /* main.c in Sources */,
			);
			runOnlyForDeploymentPostprocessing = 0;
		};
		3DA74F832742536A00A112BA /* Sources */ = {
			isa = PBXSourcesBuildPhase;
			buildActionMask = 2147483647;
			files = (
				3DA74F8A2742536A00A112BA /* main.c in Sources */,
			);
			runOnlyForDeploymentPostprocessing = 0;
		};
		3DA74F8E274255C200A112BA /* Sources */ = {
			isa = PBXSourcesBuildPhase;
			buildActionMask = 2147483647;
			files = (
				3DA74F95274255C200A112BA /* main.c in Sources */,
			);
			runOnlyForDeploymentPostprocessing = 0;
		};
		3DA74F99274259FE00A112BA /* Sources */ = {
			isa = PBXSourcesBuildPhase;
			buildActionMask = 2147483647;
			files = (
				3DA74FA0274259FE00A112BA /* main.c in Sources */,
			);
			runOnlyForDeploymentPostprocessing = 0;
		};
		3DA74FA4274261C900A112BA /* Sources */ = {
			isa = PBXSourcesBuildPhase;
			buildActionMask = 2147483647;
			files = (
				3DA74FAB274261C900A112BA /* main.c in Sources */,
			);
			runOnlyForDeploymentPostprocessing = 0;
		};
/* End PBXSourcesBuildPhase section */

/* Begin XCBuildConfiguration section */
		3DA74F5D2742495300A112BA /* Debug */ = {
			isa = XCBuildConfiguration;
			buildSettings = {
				ALWAYS_SEARCH_USER_PATHS = NO;
				CLANG_ANALYZER_NONNULL = YES;
				CLANG_ANALYZER_NUMBER_OBJECT_CONVERSION = YES_AGGRESSIVE;
				CLANG_CXX_LANGUAGE_STANDARD = "gnu++17";
				CLANG_CXX_LIBRARY = "libc++";
				CLANG_ENABLE_MODULES = YES;
				CLANG_ENABLE_OBJC_ARC = YES;
				CLANG_ENABLE_OBJC_WEAK = YES;
				CLANG_WARN_BLOCK_CAPTURE_AUTORELEASING = YES;
				CLANG_WARN_BOOL_CONVERSION = YES;
				CLANG_WARN_COMMA = YES;
				CLANG_WARN_CONSTANT_CONVERSION = YES;
				CLANG_WARN_DEPRECATED_OBJC_IMPLEMENTATIONS = YES;
				CLANG_WARN_DIRECT_OBJC_ISA_USAGE = YES_ERROR;
				CLANG_WARN_DOCUMENTATION_COMMENTS = YES;
				CLANG_WARN_EMPTY_BODY = YES;
				CLANG_WARN_ENUM_CONVERSION = YES;
				CLANG_WARN_INFINITE_RECURSION = YES;
				CLANG_WARN_INT_CONVERSION = YES;
				CLANG_WARN_NON_LITERAL_NULL_CONVERSION = YES;
				CLANG_WARN_OBJC_IMPLICIT_RETAIN_SELF = YES;
				CLANG_WARN_OBJC_LITERAL_CONVERSION = YES;
				CLANG_WARN_OBJC_ROOT_CLASS = YES_ERROR;
				CLANG_WARN_QUOTED_INCLUDE_IN_FRAMEWORK_HEADER = YES;
				CLANG_WARN_RANGE_LOOP_ANALYSIS = YES;
				CLANG_WARN_STRICT_PROTOTYPES = YES;
				CLANG_WARN_SUSPICIOUS_MOVE = YES;
				CLANG_WARN_UNGUARDED_AVAILABILITY = YES_AGGRESSIVE;
				CLANG_WARN_UNREACHABLE_CODE = YES;
				CLANG_WARN__DUPLICATE_METHOD_MATCH = YES;
				COPY_PHASE_STRIP = NO;
				DEBUG_INFORMATION_FORMAT = dwarf;
				ENABLE_STRICT_OBJC_MSGSEND = YES;
				ENABLE_TESTABILITY = YES;
				GCC_C_LANGUAGE_STANDARD = gnu11;
				GCC_DYNAMIC_NO_PIC = NO;
				GCC_NO_COMMON_BLOCKS = YES;
				GCC_OPTIMIZATION_LEVEL = 0;
				GCC_PREPROCESSOR_DEFINITIONS = (
					"DEBUG=1",
					"$(inherited)",
				);
				GCC_WARN_64_TO_32_BIT_CONVERSION = YES;
				GCC_WARN_ABOUT_RETURN_TYPE = YES_ERROR;
				GCC_WARN_UNDECLARED_SELECTOR = YES;
				GCC_WARN_UNINITIALIZED_AUTOS = YES_AGGRESSIVE;
				GCC_WARN_UNUSED_FUNCTION = YES;
				GCC_WARN_UNUSED_VARIABLE = YES;
				MACOSX_DEPLOYMENT_TARGET = 12.0;
				MTL_ENABLE_DEBUG_INFO = INCLUDE_SOURCE;
				MTL_FAST_MATH = YES;
				ONLY_ACTIVE_ARCH = YES;
				SDKROOT = macosx;
			};
			name = Debug;
		};
		3DA74F5E2742495300A112BA /* Release */ = {
			isa = XCBuildConfiguration;
			buildSettings = {
				ALWAYS_SEARCH_USER_PATHS = NO;
				CLANG_ANALYZER_NONNULL = YES;
				CLANG_ANALYZER_NUMBER_OBJECT_CONVERSION = YES_AGGRESSIVE;
				CLANG_CXX_LANGUAGE_STANDARD = "gnu++17";
				CLANG_CXX_LIBRARY = "libc++";
				CLANG_ENABLE_MODULES = YES;
				CLANG_ENABLE_OBJC_ARC = YES;
				CLANG_ENABLE_OBJC_WEAK = YES;
				CLANG_WARN_BLOCK_CAPTURE_AUTORELEASING = YES;
				CLANG_WARN_BOOL_CONVERSION = YES;
				CLANG_WARN_COMMA = YES;
				CLANG_WARN_CONSTANT_CONVERSION = YES;
				CLANG_WARN_DEPRECATED_OBJC_IMPLEMENTATIONS = YES;
				CLANG_WARN_DIRECT_OBJC_ISA_USAGE = YES_ERROR;
				CLANG_WARN_DOCUMENTATION_COMMENTS = YES;
				CLANG_WARN_EMPTY_BODY = YES;
				CLANG_WARN_ENUM_CONVERSION = YES;
				CLANG_WARN_INFINITE_RECURSION = YES;
				CLANG_WARN_INT_CONVERSION = YES;
				CLANG_WARN_NON_LITERAL_NULL_CONVERSION = YES;
				CLANG_WARN_OBJC_IMPLICIT_RETAIN_SELF = YES;
				CLANG_WARN_OBJC_LITERAL_CONVERSION = YES;
				CLANG_WARN_OBJC_ROOT_CLASS = YES_ERROR;
				CLANG_WARN_QUOTED_INCLUDE_IN_FRAMEWORK_HEADER = YES;
				CLANG_WARN_RANGE_LOOP_ANALYSIS = YES;
				CLANG_WARN_STRICT_PROTOTYPES = YES;
				CLANG_WARN_SUSPICIOUS_MOVE = YES;
				CLANG_WARN_UNGUARDED_AVAILABILITY = YES_AGGRESSIVE;
				CLANG_WARN_UNREACHABLE_CODE = YES;
				CLANG_WARN__DUPLICATE_METHOD_MATCH = YES;
				COPY_PHASE_STRIP = NO;
				DEBUG_INFORMATION_FORMAT = "dwarf-with-dsym";
				ENABLE_NS_ASSERTIONS = NO;
				ENABLE_STRICT_OBJC_MSGSEND = YES;
				GCC_C_LANGUAGE_STANDARD = gnu11;
				GCC_NO_COMMON_BLOCKS = YES;
				GCC_WARN_64_TO_32_BIT_CONVERSION = YES;
				GCC_WARN_ABOUT_RETURN_TYPE = YES_ERROR;
				GCC_WARN_UNDECLARED_SELECTOR = YES;
				GCC_WARN_UNINITIALIZED_AUTOS = YES_AGGRESSIVE;
				GCC_WARN_UNUSED_FUNCTION = YES;
				GCC_WARN_UNUSED_VARIABLE = YES;
				MACOSX_DEPLOYMENT_TARGET = 12.0;
				MTL_ENABLE_DEBUG_INFO = NO;
				MTL_FAST_MATH = YES;
				SDKROOT = macosx;
			};
			name = Release;
		};
		3DA74F602742495300A112BA /* Debug */ = {
			isa = XCBuildConfiguration;
			buildSettings = {
				CODE_SIGN_STYLE = Automatic;
				PRODUCT_NAME = "$(TARGET_NAME)";
			};
			name = Debug;
		};
		3DA74F612742495300A112BA /* Release */ = {
			isa = XCBuildConfiguration;
			buildSettings = {
				CODE_SIGN_STYLE = Automatic;
				PRODUCT_NAME = "$(TARGET_NAME)";
			};
			name = Release;
		};
		3DA74F6B2742496400A112BA /* Debug */ = {
			isa = XCBuildConfiguration;
			buildSettings = {
				CODE_SIGN_STYLE = Automatic;
				PRODUCT_NAME = "$(TARGET_NAME)";
			};
			name = Debug;
		};
		3DA74F6C2742496400A112BA /* Release */ = {
			isa = XCBuildConfiguration;
			buildSettings = {
				CODE_SIGN_STYLE = Automatic;
				PRODUCT_NAME = "$(TARGET_NAME)";
			};
			name = Release;
		};
		3DA74F7627424DDC00A112BA /* Debug */ = {
			isa = XCBuildConfiguration;
			buildSettings = {
				CODE_SIGN_STYLE = Automatic;
				PRODUCT_NAME = "$(TARGET_NAME)";
			};
			name = Debug;
		};
		3DA74F7727424DDC00A112BA /* Release */ = {
			isa = XCBuildConfiguration;
			buildSettings = {
				CODE_SIGN_STYLE = Automatic;
				PRODUCT_NAME = "$(TARGET_NAME)";
			};
			name = Release;
		};
		3DA74F812742527100A112BA /* Debug */ = {
			isa = XCBuildConfiguration;
			buildSettings = {
				CODE_SIGN_STYLE = Automatic;
				PRODUCT_NAME = "$(TARGET_NAME)";
			};
			name = Debug;
		};
		3DA74F822742527100A112BA /* Release */ = {
			isa = XCBuildConfiguration;
			buildSettings = {
				CODE_SIGN_STYLE = Automatic;
				PRODUCT_NAME = "$(TARGET_NAME)";
			};
			name = Release;
		};
		3DA74F8C2742536A00A112BA /* Debug */ = {
			isa = XCBuildConfiguration;
			buildSettings = {
				CODE_SIGN_STYLE = Automatic;
				PRODUCT_NAME = "$(TARGET_NAME)";
			};
			name = Debug;
		};
		3DA74F8D2742536A00A112BA /* Release */ = {
			isa = XCBuildConfiguration;
			buildSettings = {
				CODE_SIGN_STYLE = Automatic;
				PRODUCT_NAME = "$(TARGET_NAME)";
			};
			name = Release;
		};
		3DA74F97274255C200A112BA /* Debug */ = {
			isa = XCBuildConfiguration;
			buildSettings = {
				CODE_SIGN_STYLE = Automatic;
				PRODUCT_NAME = "$(TARGET_NAME)";
			};
			name = Debug;
		};
		3DA74F98274255C200A112BA /* Release */ = {
			isa = XCBuildConfiguration;
			buildSettings = {
				CODE_SIGN_STYLE = Automatic;
				PRODUCT_NAME = "$(TARGET_NAME)";
			};
			name = Release;
		};
		3DA74FA2274259FE00A112BA /* Debug */ = {
			isa = XCBuildConfiguration;
			buildSettings = {
				CODE_SIGN_STYLE = Automatic;
				PRODUCT_NAME = "$(TARGET_NAME)";
			};
			name = Debug;
		};
		3DA74FA3274259FE00A112BA /* Release */ = {
			isa = XCBuildConfiguration;
			buildSettings = {
				CODE_SIGN_STYLE = Automatic;
				PRODUCT_NAME = "$(TARGET_NAME)";
			};
			name = Release;
		};
		3DA74FAD274261C900A112BA /* Debug */ = {
			isa = XCBuildConfiguration;
			buildSettings = {
				CODE_SIGN_STYLE = Automatic;
				PRODUCT_NAME = "$(TARGET_NAME)";
			};
			name = Debug;
		};
		3DA74FAE274261C900A112BA /* Release */ = {
			isa = XCBuildConfiguration;
			buildSettings = {
				CODE_SIGN_STYLE = Automatic;
				PRODUCT_NAME = "$(TARGET_NAME)";
			};
			name = Release;
		};
/* End XCBuildConfiguration section */

/* Begin XCConfigurationList section */
		3DA74F532742495300A112BA /* Build configuration list for PBXProject "prog_20211118" */ = {
			isa = XCConfigurationList;
			buildConfigurations = (
				3DA74F5D2742495300A112BA /* Debug */,
				3DA74F5E2742495300A112BA /* Release */,
			);
			defaultConfigurationIsVisible = 0;
			defaultConfigurationName = Release;
		};
		3DA74F5F2742495300A112BA /* Build configuration list for PBXNativeTarget "prog_20211118" */ = {
			isa = XCConfigurationList;
			buildConfigurations = (
				3DA74F602742495300A112BA /* Debug */,
				3DA74F612742495300A112BA /* Release */,
			);
			defaultConfigurationIsVisible = 0;
			defaultConfigurationName = Release;
		};
		3DA74F6A2742496400A112BA /* Build configuration list for PBXNativeTarget "prog01" */ = {
			isa = XCConfigurationList;
			buildConfigurations = (
				3DA74F6B2742496400A112BA /* Debug */,
				3DA74F6C2742496400A112BA /* Release */,
			);
			defaultConfigurationIsVisible = 0;
			defaultConfigurationName = Release;
		};
		3DA74F7527424DDC00A112BA /* Build configuration list for PBXNativeTarget "prog02" */ = {
			isa = XCConfigurationList;
			buildConfigurations = (
				3DA74F7627424DDC00A112BA /* Debug */,
				3DA74F7727424DDC00A112BA /* Release */,
			);
			defaultConfigurationIsVisible = 0;
			defaultConfigurationName = Release;
		};
		3DA74F802742527100A112BA /* Build configuration list for PBXNativeTarget "prog03" */ = {
			isa = XCConfigurationList;
			buildConfigurations = (
				3DA74F812742527100A112BA /* Debug */,
				3DA74F822742527100A112BA /* Release */,
			);
			defaultConfigurationIsVisible = 0;
			defaultConfigurationName = Release;
		};
		3DA74F8B2742536A00A112BA /* Build configuration list for PBXNativeTarget "prog04" */ = {
			isa = XCConfigurationList;
			buildConfigurations = (
				3DA74F8C2742536A00A112BA /* Debug */,
				3DA74F8D2742536A00A112BA /* Release */,
			);
			defaultConfigurationIsVisible = 0;
			defaultConfigurationName = Release;
		};
		3DA74F96274255C200A112BA /* Build configuration list for PBXNativeTarget "prog05" */ = {
			isa = XCConfigurationList;
			buildConfigurations = (
				3DA74F97274255C200A112BA /* Debug */,
				3DA74F98274255C200A112BA /* Release */,
			);
			defaultConfigurationIsVisible = 0;
			defaultConfigurationName = Release;
		};
		3DA74FA1274259FE00A112BA /* Build configuration list for PBXNativeTarget "prog06" */ = {
			isa = XCConfigurationList;
			buildConfigurations = (
				3DA74FA2274259FE00A112BA /* Debug */,
				3DA74FA3274259FE00A112BA /* Release */,
			);
			defaultConfigurationIsVisible = 0;
			defaultConfigurationName = Release;
		};
		3DA74FAC274261C900A112BA /* Build configuration list for PBXNativeTarget "prog07" */ = {
			isa = XCConfigurationList;
			buildConfigurations = (
				3DA74FAD274261C900A112BA /* Debug */,
				3DA74FAE274261C900A112BA /* Release */,
			);
			defaultConfigurationIsVisible = 0;
			defaultConfigurationName = Release;
		};
/* End XCConfigurationList section */
	};
	rootObject = 3DA74F502742495300A112BA /* Project object */;
}
